
Microsoft Visual Studio Solution File, Format Version 12.00
# Visual Studio Version 17
VisualStudioVersion = 17.7.34031.279
MinimumVisualStudioVersion = 10.0.40219.1
Project("{FAE04EC0-301F-11D3-BF4B-00C04F79EFBC}") = "4'e bölünen sayilari listeleme", "4'e bölünen sayilari listeleme\4'e bölünen sayilari listeleme.csproj", "{7F7C96E0-4EB9-44C7-8CC8-5A0789EE979F}"
EndProject
Global
	GlobalSection(SolutionConfigurationPlatforms) = preSolution
		Debug|Any CPU = Debug|Any CPU
		Release|Any CPU = Release|Any CPU
	EndGlobalSection
	GlobalSection(ProjectConfigurationPlatforms) = postSolution
		{7F7C96E0-4EB9-44C7-8CC8-5A0789EE979F}.Debug|Any CPU.ActiveCfg = Debug|Any CPU
		{7F7C96E0-4EB9-44C7-8CC8-5A0789EE979F}.Debug|Any CPU.Build.0 = Debug|Any CPU
		{7F7C96E0-4EB9-44C7-8CC8-5A0789EE979F}.Release|Any CPU.ActiveCfg = Release|Any CPU
		{7F7C96E0-4EB9-44C7-8CC8-5A0789EE979F}.Release|Any CPU.Build.0 = Release|Any CPU
	EndGlobalSection
	GlobalSection(SolutionProperties) = preSolution
		HideSolutionNode = FALSE
	EndGlobalSection
	GlobalSection(ExtensibilityGlobals) = postSolution
		SolutionGuid = {247ADF7C-D972-4984-AC5B-D18D0883494F}
	EndGlobalSection
EndGlobal
