
Microsoft Visual Studio Solution File, Format Version 12.00
# Visual Studio Version 17
VisualStudioVersion = 17.7.34221.43
MinimumVisualStudioVersion = 10.0.40219.1
Project("{FAE04EC0-301F-11D3-BF4B-00C04F79EFBC}") = "Zaman Fonksiyonları", "Zaman Fonksiyonları\Zaman Fonksiyonları.csproj", "{969CE55E-9A49-4F7A-886A-413FE3C88525}"
EndProject
Global
	GlobalSection(SolutionConfigurationPlatforms) = preSolution
		Debug|Any CPU = Debug|Any CPU
		Release|Any CPU = Release|Any CPU
	EndGlobalSection
	GlobalSection(ProjectConfigurationPlatforms) = postSolution
		{969CE55E-9A49-4F7A-886A-413FE3C88525}.Debug|Any CPU.ActiveCfg = Debug|Any CPU
		{969CE55E-9A49-4F7A-886A-413FE3C88525}.Debug|Any CPU.Build.0 = Debug|Any CPU
		{969CE55E-9A49-4F7A-886A-413FE3C88525}.Release|Any CPU.ActiveCfg = Release|Any CPU
		{969CE55E-9A49-4F7A-886A-413FE3C88525}.Release|Any CPU.Build.0 = Release|Any CPU
	EndGlobalSection
	GlobalSection(SolutionProperties) = preSolution
		HideSolutionNode = FALSE
	EndGlobalSection
	GlobalSection(ExtensibilityGlobals) = postSolution
		SolutionGuid = {36B928C9-B2C3-45E2-880C-977F7889FFEC}
	EndGlobalSection
EndGlobal
