
Microsoft Visual Studio Solution File, Format Version 12.00
# Visual Studio Version 17
VisualStudioVersion = 17.7.34031.279
MinimumVisualStudioVersion = 10.0.40219.1
Project("{FAE04EC0-301F-11D3-BF4B-00C04F79EFBC}") = "Geriye Deger Donduren Metotlar(Conole App)", "Geriye Deger Donduren Metotlar(Conole App)\Geriye Deger Donduren Metotlar(Conole App).csproj", "{0FE00614-2A5A-4999-A518-403BAD1D08ED}"
EndProject
Global
	GlobalSection(SolutionConfigurationPlatforms) = preSolution
		Debug|Any CPU = Debug|Any CPU
		Release|Any CPU = Release|Any CPU
	EndGlobalSection
	GlobalSection(ProjectConfigurationPlatforms) = postSolution
		{0FE00614-2A5A-4999-A518-403BAD1D08ED}.Debug|Any CPU.ActiveCfg = Debug|Any CPU
		{0FE00614-2A5A-4999-A518-403BAD1D08ED}.Debug|Any CPU.Build.0 = Debug|Any CPU
		{0FE00614-2A5A-4999-A518-403BAD1D08ED}.Release|Any CPU.ActiveCfg = Release|Any CPU
		{0FE00614-2A5A-4999-A518-403BAD1D08ED}.Release|Any CPU.Build.0 = Release|Any CPU
	EndGlobalSection
	GlobalSection(SolutionProperties) = preSolution
		HideSolutionNode = FALSE
	EndGlobalSection
	GlobalSection(ExtensibilityGlobals) = postSolution
		SolutionGuid = {0BDB00CF-A255-4C78-A004-4A8310FF5FDB}
	EndGlobalSection
EndGlobal
