
Microsoft Visual Studio Solution File, Format Version 12.00
# Visual Studio Version 17
VisualStudioVersion = 17.7.34031.279
MinimumVisualStudioVersion = 10.0.40219.1
Project("{FAE04EC0-301F-11D3-BF4B-00C04F79EFBC}") = "Degiskenlerle 4 islem", "Degiskenlerle 4 islem\Degiskenlerle 4 islem.csproj", "{36D4C66E-04C9-442C-BB79-8322E8B61C4E}"
EndProject
Global
	GlobalSection(SolutionConfigurationPlatforms) = preSolution
		Debug|Any CPU = Debug|Any CPU
		Release|Any CPU = Release|Any CPU
	EndGlobalSection
	GlobalSection(ProjectConfigurationPlatforms) = postSolution
		{36D4C66E-04C9-442C-BB79-8322E8B61C4E}.Debug|Any CPU.ActiveCfg = Debug|Any CPU
		{36D4C66E-04C9-442C-BB79-8322E8B61C4E}.Debug|Any CPU.Build.0 = Debug|Any CPU
		{36D4C66E-04C9-442C-BB79-8322E8B61C4E}.Release|Any CPU.ActiveCfg = Release|Any CPU
		{36D4C66E-04C9-442C-BB79-8322E8B61C4E}.Release|Any CPU.Build.0 = Release|Any CPU
	EndGlobalSection
	GlobalSection(SolutionProperties) = preSolution
		HideSolutionNode = FALSE
	EndGlobalSection
	GlobalSection(ExtensibilityGlobals) = postSolution
		SolutionGuid = {E99F462E-DDED-47FD-87C6-8767C2125EC0}
	EndGlobalSection
EndGlobal
