
Microsoft Visual Studio Solution File, Format Version 12.00
# Visual Studio Version 17
VisualStudioVersion = 17.7.34031.279
MinimumVisualStudioVersion = 10.0.40219.1
Project("{FAE04EC0-301F-11D3-BF4B-00C04F79EFBC}") = "Mevsimlerin Aylarını Listeleme", "Mevsimlerin Aylarını Listeleme\Mevsimlerin Aylarını Listeleme.csproj", "{09B2ADC9-7E5A-4AD6-A936-4408D4A7D9D9}"
EndProject
Global
	GlobalSection(SolutionConfigurationPlatforms) = preSolution
		Debug|Any CPU = Debug|Any CPU
		Release|Any CPU = Release|Any CPU
	EndGlobalSection
	GlobalSection(ProjectConfigurationPlatforms) = postSolution
		{09B2ADC9-7E5A-4AD6-A936-4408D4A7D9D9}.Debug|Any CPU.ActiveCfg = Debug|Any CPU
		{09B2ADC9-7E5A-4AD6-A936-4408D4A7D9D9}.Debug|Any CPU.Build.0 = Debug|Any CPU
		{09B2ADC9-7E5A-4AD6-A936-4408D4A7D9D9}.Release|Any CPU.ActiveCfg = Release|Any CPU
		{09B2ADC9-7E5A-4AD6-A936-4408D4A7D9D9}.Release|Any CPU.Build.0 = Release|Any CPU
	EndGlobalSection
	GlobalSection(SolutionProperties) = preSolution
		HideSolutionNode = FALSE
	EndGlobalSection
	GlobalSection(ExtensibilityGlobals) = postSolution
		SolutionGuid = {2F8EE6BF-7A8D-4C12-AB4C-5EB1C2116ADF}
	EndGlobalSection
EndGlobal
