
Microsoft Visual Studio Solution File, Format Version 12.00
# Visual Studio Version 17
VisualStudioVersion = 17.7.34221.43
MinimumVisualStudioVersion = 10.0.40219.1
Project("{FAE04EC0-301F-11D3-BF4B-00C04F79EFBC}") = "Girilen sayıya göre renk değiştirme", "Girilen sayıya göre renk değiştirme\Girilen sayıya göre renk değiştirme.csproj", "{DA405162-5749-47FD-9B92-CCD749A240C0}"
EndProject
Global
	GlobalSection(SolutionConfigurationPlatforms) = preSolution
		Debug|Any CPU = Debug|Any CPU
		Release|Any CPU = Release|Any CPU
	EndGlobalSection
	GlobalSection(ProjectConfigurationPlatforms) = postSolution
		{DA405162-5749-47FD-9B92-CCD749A240C0}.Debug|Any CPU.ActiveCfg = Debug|Any CPU
		{DA405162-5749-47FD-9B92-CCD749A240C0}.Debug|Any CPU.Build.0 = Debug|Any CPU
		{DA405162-5749-47FD-9B92-CCD749A240C0}.Release|Any CPU.ActiveCfg = Release|Any CPU
		{DA405162-5749-47FD-9B92-CCD749A240C0}.Release|Any CPU.Build.0 = Release|Any CPU
	EndGlobalSection
	GlobalSection(SolutionProperties) = preSolution
		HideSolutionNode = FALSE
	EndGlobalSection
	GlobalSection(ExtensibilityGlobals) = postSolution
		SolutionGuid = {55630A64-99FF-494E-8813-C7EE7BB3769B}
	EndGlobalSection
EndGlobal
