
Microsoft Visual Studio Solution File, Format Version 12.00
# Visual Studio Version 17
VisualStudioVersion = 17.7.34031.279
MinimumVisualStudioVersion = 10.0.40219.1
Project("{FAE04EC0-301F-11D3-BF4B-00C04F79EFBC}") = "Pasta Pisirme Surec Uygulamasi", "Pasta Pisirme Surec Uygulamasi\Pasta Pisirme Surec Uygulamasi.csproj", "{83DA40D7-FFB4-4407-86FE-D2D3CE59FB63}"
EndProject
Global
	GlobalSection(SolutionConfigurationPlatforms) = preSolution
		Debug|Any CPU = Debug|Any CPU
		Release|Any CPU = Release|Any CPU
	EndGlobalSection
	GlobalSection(ProjectConfigurationPlatforms) = postSolution
		{83DA40D7-FFB4-4407-86FE-D2D3CE59FB63}.Debug|Any CPU.ActiveCfg = Debug|Any CPU
		{83DA40D7-FFB4-4407-86FE-D2D3CE59FB63}.Debug|Any CPU.Build.0 = Debug|Any CPU
		{83DA40D7-FFB4-4407-86FE-D2D3CE59FB63}.Release|Any CPU.ActiveCfg = Release|Any CPU
		{83DA40D7-FFB4-4407-86FE-D2D3CE59FB63}.Release|Any CPU.Build.0 = Release|Any CPU
	EndGlobalSection
	GlobalSection(SolutionProperties) = preSolution
		HideSolutionNode = FALSE
	EndGlobalSection
	GlobalSection(ExtensibilityGlobals) = postSolution
		SolutionGuid = {8316453F-12A1-41FE-8DFB-5673EA67591F}
	EndGlobalSection
EndGlobal
