
Microsoft Visual Studio Solution File, Format Version 12.00
# Visual Studio Version 17
VisualStudioVersion = 17.7.34221.43
MinimumVisualStudioVersion = 10.0.40219.1
Project("{FAE04EC0-301F-11D3-BF4B-00C04F79EFBC}") = "Kapsülleme", "Kapsülleme\Kapsülleme.csproj", "{5D9AD06D-1888-4B81-8A22-70854A3D2270}"
EndProject
Global
	GlobalSection(SolutionConfigurationPlatforms) = preSolution
		Debug|Any CPU = Debug|Any CPU
		Release|Any CPU = Release|Any CPU
	EndGlobalSection
	GlobalSection(ProjectConfigurationPlatforms) = postSolution
		{5D9AD06D-1888-4B81-8A22-70854A3D2270}.Debug|Any CPU.ActiveCfg = Debug|Any CPU
		{5D9AD06D-1888-4B81-8A22-70854A3D2270}.Debug|Any CPU.Build.0 = Debug|Any CPU
		{5D9AD06D-1888-4B81-8A22-70854A3D2270}.Release|Any CPU.ActiveCfg = Release|Any CPU
		{5D9AD06D-1888-4B81-8A22-70854A3D2270}.Release|Any CPU.Build.0 = Release|Any CPU
	EndGlobalSection
	GlobalSection(SolutionProperties) = preSolution
		HideSolutionNode = FALSE
	EndGlobalSection
	GlobalSection(ExtensibilityGlobals) = postSolution
		SolutionGuid = {4780D065-98AF-4AE0-A265-8EA3936CBAE3}
	EndGlobalSection
EndGlobal
