
Microsoft Visual Studio Solution File, Format Version 12.00
# Visual Studio Version 17
VisualStudioVersion = 17.7.34031.279
MinimumVisualStudioVersion = 10.0.40219.1
Project("{FAE04EC0-301F-11D3-BF4B-00C04F79EFBC}") = "Öğrenci Sınav Notları Hesaplama Uygulaması", "Öğrenci Sınav Notları Hesaplama Uygulaması\Öğrenci Sınav Notları Hesaplama Uygulaması.csproj", "{C2777EEE-3B12-429A-9B9D-C906C98EFB11}"
EndProject
Global
	GlobalSection(SolutionConfigurationPlatforms) = preSolution
		Debug|Any CPU = Debug|Any CPU
		Release|Any CPU = Release|Any CPU
	EndGlobalSection
	GlobalSection(ProjectConfigurationPlatforms) = postSolution
		{C2777EEE-3B12-429A-9B9D-C906C98EFB11}.Debug|Any CPU.ActiveCfg = Debug|Any CPU
		{C2777EEE-3B12-429A-9B9D-C906C98EFB11}.Debug|Any CPU.Build.0 = Debug|Any CPU
		{C2777EEE-3B12-429A-9B9D-C906C98EFB11}.Release|Any CPU.ActiveCfg = Release|Any CPU
		{C2777EEE-3B12-429A-9B9D-C906C98EFB11}.Release|Any CPU.Build.0 = Release|Any CPU
	EndGlobalSection
	GlobalSection(SolutionProperties) = preSolution
		HideSolutionNode = FALSE
	EndGlobalSection
	GlobalSection(ExtensibilityGlobals) = postSolution
		SolutionGuid = {EFEF1FEF-D7EA-4852-9686-D075D3C87CF3}
	EndGlobalSection
EndGlobal
