
Microsoft Visual Studio Solution File, Format Version 12.00
# Visual Studio Version 17
VisualStudioVersion = 17.7.34031.279
MinimumVisualStudioVersion = 10.0.40219.1
Project("{FAE04EC0-301F-11D3-BF4B-00C04F79EFBC}") = "Diziler", "Diziler\Diziler.csproj", "{5DC99163-5234-4ADB-B7E2-983CD03AC32C}"
EndProject
Global
	GlobalSection(SolutionConfigurationPlatforms) = preSolution
		Debug|Any CPU = Debug|Any CPU
		Release|Any CPU = Release|Any CPU
	EndGlobalSection
	GlobalSection(ProjectConfigurationPlatforms) = postSolution
		{5DC99163-5234-4ADB-B7E2-983CD03AC32C}.Debug|Any CPU.ActiveCfg = Debug|Any CPU
		{5DC99163-5234-4ADB-B7E2-983CD03AC32C}.Debug|Any CPU.Build.0 = Debug|Any CPU
		{5DC99163-5234-4ADB-B7E2-983CD03AC32C}.Release|Any CPU.ActiveCfg = Release|Any CPU
		{5DC99163-5234-4ADB-B7E2-983CD03AC32C}.Release|Any CPU.Build.0 = Release|Any CPU
	EndGlobalSection
	GlobalSection(SolutionProperties) = preSolution
		HideSolutionNode = FALSE
	EndGlobalSection
	GlobalSection(ExtensibilityGlobals) = postSolution
		SolutionGuid = {32FB53E8-00D7-4218-AEEE-4A0FBFCE7A22}
	EndGlobalSection
EndGlobal
