
Microsoft Visual Studio Solution File, Format Version 12.00
# Visual Studio Version 17
VisualStudioVersion = 17.7.34031.279
MinimumVisualStudioVersion = 10.0.40219.1
Project("{FAE04EC0-301F-11D3-BF4B-00C04F79EFBC}") = "String Kullanımı", "String Kullanımı\String Kullanımı.csproj", "{242C92B6-295D-4618-BBB8-49615F583D79}"
EndProject
Global
	GlobalSection(SolutionConfigurationPlatforms) = preSolution
		Debug|Any CPU = Debug|Any CPU
		Release|Any CPU = Release|Any CPU
	EndGlobalSection
	GlobalSection(ProjectConfigurationPlatforms) = postSolution
		{242C92B6-295D-4618-BBB8-49615F583D79}.Debug|Any CPU.ActiveCfg = Debug|Any CPU
		{242C92B6-295D-4618-BBB8-49615F583D79}.Debug|Any CPU.Build.0 = Debug|Any CPU
		{242C92B6-295D-4618-BBB8-49615F583D79}.Release|Any CPU.ActiveCfg = Release|Any CPU
		{242C92B6-295D-4618-BBB8-49615F583D79}.Release|Any CPU.Build.0 = Release|Any CPU
	EndGlobalSection
	GlobalSection(SolutionProperties) = preSolution
		HideSolutionNode = FALSE
	EndGlobalSection
	GlobalSection(ExtensibilityGlobals) = postSolution
		SolutionGuid = {B22E9AF5-EFB0-469C-B9F8-2FA483A4F2D7}
	EndGlobalSection
EndGlobal
